
Microsoft Visual Studio Solution File, Format Version 12.00
# Visual Studio Version 16
VisualStudioVersion = 16.0.29209.62
MinimumVisualStudioVersion = 10.0.40219.1
Project("{FAE04EC0-301F-11D3-BF4B-00C04F79EFBC}") = "cyber-dojo-100-doors", "cyber-dojo-100-doors\cyber-dojo-100-doors.csproj", "{955091B5-E1FD-455E-9EC7-FE778CD310FA}"
EndProject
Project("{FAE04EC0-301F-11D3-BF4B-00C04F79EFBC}") = "cyber-dojo-100-doors.UnitTests", "cyber-dojo-100-doors.UnitTests\cyber-dojo-100-doors.UnitTests.csproj", "{B064661D-30B4-4412-AA4E-93F23F1B0731}"
EndProject
Global
	GlobalSection(SolutionConfigurationPlatforms) = preSolution
		Debug|Any CPU = Debug|Any CPU
		Release|Any CPU = Release|Any CPU
	EndGlobalSection
	GlobalSection(ProjectConfigurationPlatforms) = postSolution
		{955091B5-E1FD-455E-9EC7-FE778CD310FA}.Debug|Any CPU.ActiveCfg = Debug|Any CPU
		{955091B5-E1FD-455E-9EC7-FE778CD310FA}.Debug|Any CPU.Build.0 = Debug|Any CPU
		{955091B5-E1FD-455E-9EC7-FE778CD310FA}.Release|Any CPU.ActiveCfg = Release|Any CPU
		{955091B5-E1FD-455E-9EC7-FE778CD310FA}.Release|Any CPU.Build.0 = Release|Any CPU
		{B064661D-30B4-4412-AA4E-93F23F1B0731}.Debug|Any CPU.ActiveCfg = Debug|Any CPU
		{B064661D-30B4-4412-AA4E-93F23F1B0731}.Debug|Any CPU.Build.0 = Debug|Any CPU
		{B064661D-30B4-4412-AA4E-93F23F1B0731}.Release|Any CPU.ActiveCfg = Release|Any CPU
		{B064661D-30B4-4412-AA4E-93F23F1B0731}.Release|Any CPU.Build.0 = Release|Any CPU
	EndGlobalSection
	GlobalSection(SolutionProperties) = preSolution
		HideSolutionNode = FALSE
	EndGlobalSection
	GlobalSection(ExtensibilityGlobals) = postSolution
		SolutionGuid = {08C43C29-3E21-4F81-99A2-FFE054DD1A70}
	EndGlobalSection
EndGlobal
